
Microsoft Visual Studio Solution File, Format Version 12.00
# Visual Studio 15
VisualStudioVersion = 15.0.28307.779
MinimumVisualStudioVersion = 10.0.40219.1
Project("{FAE04EC0-301F-11D3-BF4B-00C04F79EFBC}") = "ProjetGsbE5", "ProjetGsbE5\ProjetGsbE5.csproj", "{D2A11D59-40CC-499B-9BB6-BF41890E276B}"
EndProject
Project("{FAE04EC0-301F-11D3-BF4B-00C04F79EFBC}") = "Domain", "Domain\Domain.csproj", "{0B3D20B0-FE64-4D85-BC5C-932ED01199C9}"
EndProject
Global
	GlobalSection(SolutionConfigurationPlatforms) = preSolution
		Debug|Any CPU = Debug|Any CPU
		Release|Any CPU = Release|Any CPU
	EndGlobalSection
	GlobalSection(ProjectConfigurationPlatforms) = postSolution
		{D2A11D59-40CC-499B-9BB6-BF41890E276B}.Debug|Any CPU.ActiveCfg = Debug|Any CPU
		{D2A11D59-40CC-499B-9BB6-BF41890E276B}.Debug|Any CPU.Build.0 = Debug|Any CPU
		{D2A11D59-40CC-499B-9BB6-BF41890E276B}.Release|Any CPU.ActiveCfg = Release|Any CPU
		{D2A11D59-40CC-499B-9BB6-BF41890E276B}.Release|Any CPU.Build.0 = Release|Any CPU
		{0B3D20B0-FE64-4D85-BC5C-932ED01199C9}.Debug|Any CPU.ActiveCfg = Debug|Any CPU
		{0B3D20B0-FE64-4D85-BC5C-932ED01199C9}.Debug|Any CPU.Build.0 = Debug|Any CPU
		{0B3D20B0-FE64-4D85-BC5C-932ED01199C9}.Release|Any CPU.ActiveCfg = Release|Any CPU
		{0B3D20B0-FE64-4D85-BC5C-932ED01199C9}.Release|Any CPU.Build.0 = Release|Any CPU
	EndGlobalSection
	GlobalSection(SolutionProperties) = preSolution
		HideSolutionNode = FALSE
	EndGlobalSection
	GlobalSection(ExtensibilityGlobals) = postSolution
		SolutionGuid = {8E5F3ED2-349D-439D-933A-15573AAA8EB7}
	EndGlobalSection
EndGlobal
