
Microsoft Visual Studio Solution File, Format Version 12.00
# Visual Studio Version 17
VisualStudioVersion = 17.1.32210.238
MinimumVisualStudioVersion = 10.0.40219.1
Project("{FAE04EC0-301F-11D3-BF4B-00C04F79EFBC}") = "ProjetGsbE5", "ProjetGsbE5\ProjetGsbE5.csproj", "{D2A11D59-40CC-499B-9BB6-BF41890E276B}"
EndProject
Project("{FAE04EC0-301F-11D3-BF4B-00C04F79EFBC}") = "Domain", "Domain\Domain\Domain.csproj", "{7E68D244-B16E-4907-B6A8-6E49D6685E5F}"
EndProject
Global
	GlobalSection(SolutionConfigurationPlatforms) = preSolution
		Debug|Any CPU = Debug|Any CPU
		Release|Any CPU = Release|Any CPU
	EndGlobalSection
	GlobalSection(ProjectConfigurationPlatforms) = postSolution
		{D2A11D59-40CC-499B-9BB6-BF41890E276B}.Debug|Any CPU.ActiveCfg = Debug|Any CPU
		{D2A11D59-40CC-499B-9BB6-BF41890E276B}.Debug|Any CPU.Build.0 = Debug|Any CPU
		{D2A11D59-40CC-499B-9BB6-BF41890E276B}.Release|Any CPU.ActiveCfg = Release|Any CPU
		{D2A11D59-40CC-499B-9BB6-BF41890E276B}.Release|Any CPU.Build.0 = Release|Any CPU
		{7E68D244-B16E-4907-B6A8-6E49D6685E5F}.Debug|Any CPU.ActiveCfg = Debug|Any CPU
		{7E68D244-B16E-4907-B6A8-6E49D6685E5F}.Debug|Any CPU.Build.0 = Debug|Any CPU
		{7E68D244-B16E-4907-B6A8-6E49D6685E5F}.Release|Any CPU.ActiveCfg = Release|Any CPU
		{7E68D244-B16E-4907-B6A8-6E49D6685E5F}.Release|Any CPU.Build.0 = Release|Any CPU
	EndGlobalSection
	GlobalSection(SolutionProperties) = preSolution
		HideSolutionNode = FALSE
	EndGlobalSection
	GlobalSection(ExtensibilityGlobals) = postSolution
		SolutionGuid = {8E5F3ED2-349D-439D-933A-15573AAA8EB7}
	EndGlobalSection
EndGlobal
